
Microsoft Visual Studio Solution File, Format Version 12.00
Project("{2150E333-8FDC-42A3-9474-1A3956D46DE8}") = "Services", "Services", "{745D88B3-49D1-41F0-B237-9CC208FDC494}"
EndProject
Project("{2150E333-8FDC-42A3-9474-1A3956D46DE8}") = "Catalog", "Catalog", "{1439B376-CCFF-419A-A352-20B4F395D8EB}"
EndProject
Project("{FAE04EC0-301F-11D3-BF4B-00C04F79EFBC}") = "Catalog.Api", "Services\Catalog\Catalog.Api\Catalog.Api.csproj", "{DB9F0EFE-06A3-4DDC-BB35-4CE6FB6FC7E1}"
EndProject
Project("{2150E333-8FDC-42A3-9474-1A3956D46DE8}") = "Solution Items", "Solution Items", "{B54D81FB-3F38-4F65-8A5D-7987D9C95F0B}"
	ProjectSection(SolutionItems) = preProject
		docker-compose.override.yml = docker-compose.override.yml
		docker-compose.yml = docker-compose.yml
	EndProjectSection
EndProject
Project("{2150E333-8FDC-42A3-9474-1A3956D46DE8}") = "Basket", "Basket", "{2A5CF99B-DE91-454A-B011-4C696894A581}"
EndProject
Project("{FAE04EC0-301F-11D3-BF4B-00C04F79EFBC}") = "Basket.Api", "Services\Basket\Basket.Api\Basket.Api.csproj", "{E638967D-D078-48E4-89CA-0A715D100BF9}"
EndProject
Project("{2150E333-8FDC-42A3-9474-1A3956D46DE8}") = "Discount", "Discount", "{2E9B3E49-E3C0-4C8B-96C7-54ED745BAEB2}"
EndProject
Project("{FAE04EC0-301F-11D3-BF4B-00C04F79EFBC}") = "Discount.Api", "Services\Discount\Discount.Api\Discount.Api.csproj", "{2C54FB44-7046-48CE-A860-1569B64707E3}"
EndProject
Global
	GlobalSection(SolutionConfigurationPlatforms) = preSolution
		Debug|Any CPU = Debug|Any CPU
		Release|Any CPU = Release|Any CPU
	EndGlobalSection
	GlobalSection(NestedProjects) = preSolution
		{1439B376-CCFF-419A-A352-20B4F395D8EB} = {745D88B3-49D1-41F0-B237-9CC208FDC494}
		{DB9F0EFE-06A3-4DDC-BB35-4CE6FB6FC7E1} = {1439B376-CCFF-419A-A352-20B4F395D8EB}
		{2A5CF99B-DE91-454A-B011-4C696894A581} = {745D88B3-49D1-41F0-B237-9CC208FDC494}
		{E638967D-D078-48E4-89CA-0A715D100BF9} = {2A5CF99B-DE91-454A-B011-4C696894A581}
		{2E9B3E49-E3C0-4C8B-96C7-54ED745BAEB2} = {745D88B3-49D1-41F0-B237-9CC208FDC494}
		{2C54FB44-7046-48CE-A860-1569B64707E3} = {2E9B3E49-E3C0-4C8B-96C7-54ED745BAEB2}
	EndGlobalSection
	GlobalSection(ProjectConfigurationPlatforms) = postSolution
		{DB9F0EFE-06A3-4DDC-BB35-4CE6FB6FC7E1}.Debug|Any CPU.ActiveCfg = Debug|Any CPU
		{DB9F0EFE-06A3-4DDC-BB35-4CE6FB6FC7E1}.Debug|Any CPU.Build.0 = Debug|Any CPU
		{DB9F0EFE-06A3-4DDC-BB35-4CE6FB6FC7E1}.Release|Any CPU.ActiveCfg = Release|Any CPU
		{DB9F0EFE-06A3-4DDC-BB35-4CE6FB6FC7E1}.Release|Any CPU.Build.0 = Release|Any CPU
		{E638967D-D078-48E4-89CA-0A715D100BF9}.Debug|Any CPU.ActiveCfg = Debug|Any CPU
		{E638967D-D078-48E4-89CA-0A715D100BF9}.Debug|Any CPU.Build.0 = Debug|Any CPU
		{E638967D-D078-48E4-89CA-0A715D100BF9}.Release|Any CPU.ActiveCfg = Release|Any CPU
		{E638967D-D078-48E4-89CA-0A715D100BF9}.Release|Any CPU.Build.0 = Release|Any CPU
		{2C54FB44-7046-48CE-A860-1569B64707E3}.Debug|Any CPU.ActiveCfg = Debug|Any CPU
		{2C54FB44-7046-48CE-A860-1569B64707E3}.Debug|Any CPU.Build.0 = Debug|Any CPU
		{2C54FB44-7046-48CE-A860-1569B64707E3}.Release|Any CPU.ActiveCfg = Release|Any CPU
		{2C54FB44-7046-48CE-A860-1569B64707E3}.Release|Any CPU.Build.0 = Release|Any CPU
	EndGlobalSection
EndGlobal
